
Microsoft Visual Studio Solution File, Format Version 12.00
# Visual Studio Version 17
VisualStudioVersion = 17.7.34031.279
MinimumVisualStudioVersion = 10.0.40219.1
Project("{FAE04EC0-301F-11D3-BF4B-00C04F79EFBC}") = "RepairApp", "RepairApp\RepairApp.csproj", "{96191E4B-453B-4EA9-A92F-9F93FD8DE79E}"
EndProject
Project("{2150E333-8FDC-42A3-9474-1A3956D46DE8}") = "Элементы решения", "Элементы решения", "{CBA13081-C87D-4DA3-ABA1-F8C1EFEA2030}"
EndProject
Global
	GlobalSection(SolutionConfigurationPlatforms) = preSolution
		Debug|Any CPU = Debug|Any CPU
		Release|Any CPU = Release|Any CPU
	EndGlobalSection
	GlobalSection(ProjectConfigurationPlatforms) = postSolution
		{96191E4B-453B-4EA9-A92F-9F93FD8DE79E}.Debug|Any CPU.ActiveCfg = Debug|Any CPU
		{96191E4B-453B-4EA9-A92F-9F93FD8DE79E}.Debug|Any CPU.Build.0 = Debug|Any CPU
		{96191E4B-453B-4EA9-A92F-9F93FD8DE79E}.Release|Any CPU.ActiveCfg = Release|Any CPU
		{96191E4B-453B-4EA9-A92F-9F93FD8DE79E}.Release|Any CPU.Build.0 = Release|Any CPU
	EndGlobalSection
	GlobalSection(SolutionProperties) = preSolution
		HideSolutionNode = FALSE
	EndGlobalSection
	GlobalSection(ExtensibilityGlobals) = postSolution
		SolutionGuid = {C459E0D1-EF8F-4A00-9D6B-8C621978CB4A}
	EndGlobalSection
EndGlobal
